
Microsoft Visual Studio Solution File, Format Version 12.00
# Visual Studio Version 16
VisualStudioVersion = 16.0.30309.148
MinimumVisualStudioVersion = 10.0.40219.1
Project("{FAE04EC0-301F-11D3-BF4B-00C04F79EFBC}") = "shakepay-sdk-dotnet", "shakepay-sdk-dotnet\shakepay-sdk-dotnet.csproj", "{9D1155F1-51D3-4711-88EA-A8D97B5BE73E}"
EndProject
Global
	GlobalSection(SolutionConfigurationPlatforms) = preSolution
		Debug|Any CPU = Debug|Any CPU
		Release|Any CPU = Release|Any CPU
	EndGlobalSection
	GlobalSection(ProjectConfigurationPlatforms) = postSolution
		{9D1155F1-51D3-4711-88EA-A8D97B5BE73E}.Debug|Any CPU.ActiveCfg = Debug|Any CPU
		{9D1155F1-51D3-4711-88EA-A8D97B5BE73E}.Debug|Any CPU.Build.0 = Debug|Any CPU
		{9D1155F1-51D3-4711-88EA-A8D97B5BE73E}.Release|Any CPU.ActiveCfg = Release|Any CPU
		{9D1155F1-51D3-4711-88EA-A8D97B5BE73E}.Release|Any CPU.Build.0 = Release|Any CPU
	EndGlobalSection
	GlobalSection(SolutionProperties) = preSolution
		HideSolutionNode = FALSE
	EndGlobalSection
	GlobalSection(ExtensibilityGlobals) = postSolution
		SolutionGuid = {D6925A7C-3829-4A0D-A202-AFABA4DB8F77}
	EndGlobalSection
EndGlobal
